
Microsoft Visual Studio Solution File, Format Version 12.00
# Visual Studio Version 17
VisualStudioVersion = 17.2.32516.85
MinimumVisualStudioVersion = 10.0.40219.1
Project("{FAE04EC0-301F-11D3-BF4B-00C04F79EFBC}") = "You2Stock.Core", "You2Stock.Core\You2Stock.Core.csproj", "{C324FC7F-A445-4E8A-9092-259D117484DC}"
EndProject
Project("{FAE04EC0-301F-11D3-BF4B-00C04F79EFBC}") = "You2Stock.Desktop", "You2Stock.Desktop\You2Stock.Desktop.csproj", "{6BE92EF6-F16E-46C6-A7FA-19378CCC9686}"
EndProject
Global
	GlobalSection(SolutionConfigurationPlatforms) = preSolution
		Debug|Any CPU = Debug|Any CPU
		Release|Any CPU = Release|Any CPU
	EndGlobalSection
	GlobalSection(ProjectConfigurationPlatforms) = postSolution
		{C324FC7F-A445-4E8A-9092-259D117484DC}.Debug|Any CPU.ActiveCfg = Debug|Any CPU
		{C324FC7F-A445-4E8A-9092-259D117484DC}.Debug|Any CPU.Build.0 = Debug|Any CPU
		{C324FC7F-A445-4E8A-9092-259D117484DC}.Release|Any CPU.ActiveCfg = Release|Any CPU
		{C324FC7F-A445-4E8A-9092-259D117484DC}.Release|Any CPU.Build.0 = Release|Any CPU
		{6BE92EF6-F16E-46C6-A7FA-19378CCC9686}.Debug|Any CPU.ActiveCfg = Debug|Any CPU
		{6BE92EF6-F16E-46C6-A7FA-19378CCC9686}.Debug|Any CPU.Build.0 = Debug|Any CPU
		{6BE92EF6-F16E-46C6-A7FA-19378CCC9686}.Release|Any CPU.ActiveCfg = Release|Any CPU
		{6BE92EF6-F16E-46C6-A7FA-19378CCC9686}.Release|Any CPU.Build.0 = Release|Any CPU
	EndGlobalSection
	GlobalSection(SolutionProperties) = preSolution
		HideSolutionNode = FALSE
	EndGlobalSection
	GlobalSection(ExtensibilityGlobals) = postSolution
		SolutionGuid = {D498ADB8-5146-45D2-800D-6BAEAF638745}
	EndGlobalSection
EndGlobal
